# THIS IS AN AUTOGENERATED FILE. DO NOT EDIT THIS FILE DIRECTLY.
# yarn lockfile v1


"@types/ramda@^0.26.5":
  version "0.26.5"
  resolved "https://registry.yarnpkg.com/@types/ramda/-/ramda-0.26.5.tgz#99f62d7c29fc9a5381008128e33c08e951fbb620"
  integrity sha512-0W7/G3OfpqoNLp10UA+2a7cKNZeUaqSULdCrHU8Xrum1O+ZZQR9dk3CgNFD2u2+eJ5PfTL3kk/xzrfgjFf6f8w==

ramda@^0.26.1:
  version "0.26.1"
  resolved "https://registry.yarnpkg.com/ramda/-/ramda-0.26.1.tgz#8d41351eb8111c55353617fc3bbffad8e4d35d06"
  integrity sha512-hLWjpy7EnsDBb0p+Z3B7rPi3GDeRG5ZtiI33kJhTt+ORCd38AbAIjB/9zRIUoeTbE/AVX5ZkU7m6bznsvrf8eQ==
